// !$*UTF8*$!
{
	archiveVersion = 1;
	classes = {
	};
	objectVersion = 77;
	objects = {

/* Begin PBXBuildFile section */
		299B2FA52F8939510041BE9C /* Shared.xcframework in Frameworks */ = {isa = PBXBuildFile; fileRef = 299B2FA32F8939470041BE9C /* Shared.xcframework */; };
		299B2FA62F8939510041BE9C /* Shared.xcframework in Embed Frameworks */ = {isa = PBXBuildFile; fileRef = 299B2FA32F8939470041BE9C /* Shared.xcframework */; settings = {ATTRIBUTES = (CodeSignOnCopy, RemoveHeadersOnCopy, ); }; };
		29CE79E52F7ED63700586B9C /* libsqlite3.tbd in Frameworks */ = {isa = PBXBuildFile; fileRef = 29CE79E42F7ED62700586B9C /* libsqlite3.tbd */; };
		373D27222FCCCA070006C161 /* JourneyStore.swift in Sources */ = {isa = PBXBuildFile; fileRef = 373D27212FCCCA070006C161 /* JourneyStore.swift */; };
		373D27242FCCCA230006C161 /* JourneyView.swift in Sources */ = {isa = PBXBuildFile; fileRef = 373D27232FCCCA230006C161 /* JourneyView.swift */; };
		AA00000100000000000000E7 /* LearnView.swift in Sources */ = {isa = PBXBuildFile; fileRef = AA00000100000000000000E6 /* LearnView.swift */; };
		AA00000100000000000000E9 /* LearnContent.swift in Sources */ = {isa = PBXBuildFile; fileRef = AA00000100000000000000E8 /* LearnContent.swift */; };
		373D27262FCCCFE70006C161 /* BreathingWatchView.swift in Sources */ = {isa = PBXBuildFile; fileRef = 373D27252FCCCFE70006C161 /* BreathingWatchView.swift */; };
		373D27312FCCCA070006C161 /* DailyMessageStore.swift in Sources */ = {isa = PBXBuildFile; fileRef = 373D27302FCCCA070006C161 /* DailyMessageStore.swift */; };
		379332A12FC073F100D72D1C /* MoodCheckView.swift in Sources */ = {isa = PBXBuildFile; fileRef = 379332A02FC073F100D72D1C /* MoodCheckView.swift */; };
		379332B12FC073F100D72D1C /* MoodMicView.swift in Sources */ = {isa = PBXBuildFile; fileRef = 379332B02FC073F100D72D1C /* MoodMicView.swift */; };
		AA00000100000000000000D1 /* IremiaWatchApp.swift in Sources */ = {isa = PBXBuildFile; fileRef = AA00000100000000000000C1 /* IremiaWatchApp.swift */; };
		AA0000010000000000000F12 /* WatchClaudeAssistant.swift in Sources */ = {isa = PBXBuildFile; fileRef = AA0000010000000000000F02 /* WatchClaudeAssistant.swift */; };
		AA0000010000000000000F13 /* iremia_rag.json in Resources */ = {isa = PBXBuildFile; fileRef = AA0000010000000000000F03 /* iremia_rag.json */; };
		AA00000100000000000000D2 /* ContentView.swift in Sources */ = {isa = PBXBuildFile; fileRef = AA00000100000000000000C2 /* ContentView.swift */; };
		AA00000100000000000000D3 /* WatchConnectivityManager.swift in Sources */ = {isa = PBXBuildFile; fileRef = AA00000100000000000000C3 /* WatchConnectivityManager.swift */; };
		AA00000100000000000000D4 /* Assets.xcassets in Resources */ = {isa = PBXBuildFile; fileRef = AA00000100000000000000C4 /* Assets.xcassets */; };
		AA00000100000000000000D5 /* IremiaColors.swift in Sources */ = {isa = PBXBuildFile; fileRef = AA00000100000000000000C5 /* IremiaColors.swift */; };
		AA00000100000000000000D6 /* ContactsListView.swift in Sources */ = {isa = PBXBuildFile; fileRef = AA00000100000000000000C6 /* ContactsListView.swift */; };
		AA00000100000000000000D7 /* EmergencyVoiceView.swift in Sources */ = {isa = PBXBuildFile; fileRef = AA00000100000000000000C7 /* EmergencyVoiceView.swift */; };
		AA00000100000000000000D8 /* EmergencyWatchViewModel.swift in Sources */ = {isa = PBXBuildFile; fileRef = AA00000100000000000000C8 /* EmergencyWatchViewModel.swift */; };
		AA00000100000000000000E2 /* IremiaWatch.app in Embed Watch Content */ = {isa = PBXBuildFile; fileRef = AA00000100000000000000A0 /* IremiaWatch.app */; settings = {ATTRIBUTES = (RemoveHeadersOnCopy, ); }; };
/* End PBXBuildFile section */

/* Begin PBXContainerItemProxy section */
		AA00000100000000000000E5 /* PBXContainerItemProxy */ = {
			isa = PBXContainerItemProxy;
			containerPortal = B9DA97A92DC1472C00A4DA20 /* Project object */;
			proxyType = 1;
			remoteGlobalIDString = AA00000100000000000000E;
			remoteInfo = IremiaWatch;
		};
/* End PBXContainerItemProxy section */

/* Begin PBXCopyFilesBuildPhase section */
		299B2FA72F8939510041BE9C /* Embed Frameworks */ = {
			isa = PBXCopyFilesBuildPhase;
			buildActionMask = 2147483647;
			dstPath = "";
			dstSubfolderSpec = 10;
			files = (
				299B2FA62F8939510041BE9C /* Shared.xcframework in Embed Frameworks */,
			);
			name = "Embed Frameworks";
			runOnlyForDeploymentPostprocessing = 0;
		};
		AA00000100000000000000E1 /* Embed Watch Content */ = {
			isa = PBXCopyFilesBuildPhase;
			buildActionMask = 2147483647;
			dstPath = "$(CONTENTS_FOLDER_PATH)/Watch";
			dstSubfolderSpec = 16;
			files = (
				AA00000100000000000000E2 /* IremiaWatch.app in Embed Watch Content */,
			);
			name = "Embed Watch Content";
			runOnlyForDeploymentPostprocessing = 0;
		};
/* End PBXCopyFilesBuildPhase section */

/* Begin PBXFileReference section */
		299B2FA32F8939470041BE9C /* Shared.xcframework */ = {isa = PBXFileReference; lastKnownFileType = wrapper.xcframework; path = Shared.xcframework; sourceTree = "<group>"; };
		29CE79E42F7ED62700586B9C /* libsqlite3.tbd */ = {isa = PBXFileReference; lastKnownFileType = "sourcecode.text-based-dylib-definition"; name = libsqlite3.tbd; path = usr/lib/libsqlite3.tbd; sourceTree = SDKROOT; };
		373D27212FCCCA070006C161 /* JourneyStore.swift */ = {isa = PBXFileReference; lastKnownFileType = sourcecode.swift; path = JourneyStore.swift; sourceTree = "<group>"; };
		373D27232FCCCA230006C161 /* JourneyView.swift */ = {isa = PBXFileReference; lastKnownFileType = sourcecode.swift; path = JourneyView.swift; sourceTree = "<group>"; };
		AA00000100000000000000E6 /* LearnView.swift */ = {isa = PBXFileReference; lastKnownFileType = sourcecode.swift; path = LearnView.swift; sourceTree = "<group>"; };
		AA00000100000000000000E8 /* LearnContent.swift */ = {isa = PBXFileReference; lastKnownFileType = sourcecode.swift; path = LearnContent.swift; sourceTree = "<group>"; };
		373D27252FCCCFE70006C161 /* BreathingWatchView.swift */ = {isa = PBXFileReference; lastKnownFileType = sourcecode.swift; path = BreathingWatchView.swift; sourceTree = "<group>"; };
		373D27302FCCCA070006C161 /* DailyMessageStore.swift */ = {isa = PBXFileReference; lastKnownFileType = sourcecode.swift; path = DailyMessageStore.swift; sourceTree = "<group>"; };
		379332A02FC073F100D72D1C /* MoodCheckView.swift */ = {isa = PBXFileReference; lastKnownFileType = sourcecode.swift; path = MoodCheckView.swift; sourceTree = "<group>"; };
		379332B02FC073F100D72D1C /* MoodMicView.swift */ = {isa = PBXFileReference; lastKnownFileType = sourcecode.swift; path = MoodMicView.swift; sourceTree = "<group>"; };
		4C7053E52F47B8F600A8280D /* IreamiaApp.app */ = {isa = PBXFileReference; explicitFileType = wrapper.application; includeInIndex = 0; path = IreamiaApp.app; sourceTree = BUILT_PRODUCTS_DIR; };
		AA00000100000000000000A0 /* IremiaWatch.app */ = {isa = PBXFileReference; explicitFileType = wrapper.application; includeInIndex = 0; path = IremiaWatch.app; sourceTree = BUILT_PRODUCTS_DIR; };
		AA00000100000000000000C1 /* IremiaWatchApp.swift */ = {isa = PBXFileReference; lastKnownFileType = sourcecode.swift; path = IremiaWatchApp.swift; sourceTree = "<group>"; };
		AA00000100000000000000C2 /* ContentView.swift */ = {isa = PBXFileReference; lastKnownFileType = sourcecode.swift; path = ContentView.swift; sourceTree = "<group>"; };
		AA00000100000000000000C3 /* WatchConnectivityManager.swift */ = {isa = PBXFileReference; lastKnownFileType = sourcecode.swift; path = WatchConnectivityManager.swift; sourceTree = "<group>"; };
		AA00000100000000000000C4 /* Assets.xcassets */ = {isa = PBXFileReference; lastKnownFileType = folder.assetcatalog; path = Assets.xcassets; sourceTree = "<group>"; };
		AA00000100000000000000C5 /* IremiaColors.swift */ = {isa = PBXFileReference; lastKnownFileType = sourcecode.swift; path = IremiaColors.swift; sourceTree = "<group>"; };
		AA00000100000000000000C6 /* ContactsListView.swift */ = {isa = PBXFileReference; lastKnownFileType = sourcecode.swift; path = ContactsListView.swift; sourceTree = "<group>"; };
		AA00000100000000000000C7 /* EmergencyVoiceView.swift */ = {isa = PBXFileReference; lastKnownFileType = sourcecode.swift; path = EmergencyVoiceView.swift; sourceTree = "<group>"; };
		AA00000100000000000000C8 /* EmergencyWatchViewModel.swift */ = {isa = PBXFileReference; lastKnownFileType = sourcecode.swift; path = EmergencyWatchViewModel.swift; sourceTree = "<group>"; };
		AA0000010000000000000F02 /* WatchClaudeAssistant.swift */ = {isa = PBXFileReference; lastKnownFileType = sourcecode.swift; path = WatchClaudeAssistant.swift; sourceTree = "<group>"; };
		AA0000010000000000000F03 /* iremia_rag.json */ = {isa = PBXFileReference; lastKnownFileType = text.json; name = iremia_rag.json; path = iosApp/Resources/iremia_rag.json; sourceTree = SOURCE_ROOT; };
		AA0000010000000000000CF1 /* Configuration/Config.xcconfig */ = {isa = PBXFileReference; lastKnownFileType = text.xcconfig; path = Configuration/Config.xcconfig; sourceTree = SOURCE_ROOT; };
/* End PBXFileReference section */

/* Begin PBXFileSystemSynchronizedBuildFileExceptionSet section */
		B99700CA2DC9B8D800C7335B /* Exceptions for "iosApp" folder in "iosApp" target */ = {
			isa = PBXFileSystemSynchronizedBuildFileExceptionSet;
			membershipExceptions = (
				Info.plist,
			);
			target = B9DA97B02DC1472C00A4DA20 /* iosApp */;
		};
/* End PBXFileSystemSynchronizedBuildFileExceptionSet section */

/* Begin PBXFileSystemSynchronizedRootGroup section */
		B9DA97B32DC1472C00A4DA20 /* iosApp */ = {
			isa = PBXFileSystemSynchronizedRootGroup;
			exceptions = (
				B99700CA2DC9B8D800C7335B /* Exceptions for "iosApp" folder in "iosApp" target */,
			);
			path = iosApp;
			sourceTree = "<group>";
		};
		B9DA98002DC14AA900A4DA20 /* Configuration */ = {
			isa = PBXFileSystemSynchronizedRootGroup;
			path = Configuration;
			sourceTree = "<group>";
		};
/* End PBXFileSystemSynchronizedRootGroup section */

/* Begin PBXFrameworksBuildPhase section */
		AA000001000000000000000D /* Frameworks */ = {
			isa = PBXFrameworksBuildPhase;
			buildActionMask = 2147483647;
			files = (
			);
			runOnlyForDeploymentPostprocessing = 0;
		};
		B9DA97AE2DC1472C00A4DA20 /* Frameworks */ = {
			isa = PBXFrameworksBuildPhase;
			buildActionMask = 2147483647;
			files = (
				299B2FA52F8939510041BE9C /* Shared.xcframework in Frameworks */,
				29CE79E52F7ED63700586B9C /* libsqlite3.tbd in Frameworks */,
			);
			runOnlyForDeploymentPostprocessing = 0;
		};
/* End PBXFrameworksBuildPhase section */

/* Begin PBXGroup section */
		AA00000100000000000000B1 /* watchApp */ = {
			isa = PBXGroup;
			children = (
				AA00000100000000000000C1 /* IremiaWatchApp.swift */,
				AA00000100000000000000C2 /* ContentView.swift */,
				AA00000100000000000000C3 /* WatchConnectivityManager.swift */,
				AA00000100000000000000C5 /* IremiaColors.swift */,
				AA00000100000000000000C6 /* ContactsListView.swift */,
				AA00000100000000000000B2 /* EmergencyVoice */,
				AA00000100000000000000C4 /* Assets.xcassets */,
				379332A02FC073F100D72D1C /* MoodCheckView.swift */,
				379332B02FC073F100D72D1C /* MoodMicView.swift */,
				373D27212FCCCA070006C161 /* JourneyStore.swift */,
				373D27302FCCCA070006C161 /* DailyMessageStore.swift */,
				373D27232FCCCA230006C161 /* JourneyView.swift */,
				373D27252FCCCFE70006C161 /* BreathingWatchView.swift */,
				AA0000010000000000000F03 /* iremia_rag.json */,
				AA00000100000000000000E6 /* LearnView.swift */,
				AA00000100000000000000E8 /* LearnContent.swift */,
			);
			path = watchApp;
			sourceTree = "<group>";
		};
		AA00000100000000000000B2 /* EmergencyVoice */ = {
			isa = PBXGroup;
			children = (
				AA00000100000000000000C7 /* EmergencyVoiceView.swift */,
				AA00000100000000000000C8 /* EmergencyWatchViewModel.swift */,
				AA0000010000000000000F02 /* WatchClaudeAssistant.swift */,
			);
			path = EmergencyVoice;
			sourceTree = "<group>";
		};
		B9DA97A82DC1472C00A4DA20 = {
			isa = PBXGroup;
			children = (
				299B2FA32F8939470041BE9C /* Shared.xcframework */,
				B9DA98002DC14AA900A4DA20 /* Configuration */,
				B9DA97B32DC1472C00A4DA20 /* iosApp */,
				AA00000100000000000000B1 /* watchApp */,
				B9DA97B22DC1472C00A4DA20 /* Products */,
				EA6DDC552F8D46BFB4FB8344 /* Frameworks */,
				CE8114272FED60E00072E6A3 /* Recovered References */,
			);
			sourceTree = "<group>";
		};
		B9DA97B22DC1472C00A4DA20 /* Products */ = {
			isa = PBXGroup;
			children = (
				4C7053E52F47B8F600A8280D /* IreamiaApp.app */,
				AA00000100000000000000A0 /* IremiaWatch.app */,
			);
			name = Products;
			sourceTree = "<group>";
		};
		CE8114272FED60E00072E6A3 /* Recovered References */ = {
			isa = PBXGroup;
			children = (
				AA0000010000000000000CF1 /* Configuration/Config.xcconfig */,
			);
			name = "Recovered References";
			sourceTree = "<group>";
		};
		EA6DDC552F8D46BFB4FB8344 /* Frameworks */ = {
			isa = PBXGroup;
			children = (
				29CE79E42F7ED62700586B9C /* libsqlite3.tbd */,
			);
			name = Frameworks;
			sourceTree = "<group>";
		};
/* End PBXGroup section */

/* Begin PBXNativeTarget section */
		AA00000100000000000000E /* IremiaWatch */ = {
			isa = PBXNativeTarget;
			buildConfigurationList = AA00000100000000000000F /* Build configuration list for PBXNativeTarget "IremiaWatch" */;
			buildPhases = (
				AA0000010000000000000F20 /* Generate Secrets (Watch) */,
				AA000001000000000000000B /* Sources */,
				AA000001000000000000000C /* Resources */,
				AA000001000000000000000D /* Frameworks */,
			);
			buildRules = (
			);
			dependencies = (
			);
			name = IremiaWatch;
			productName = IremiaWatch;
			productReference = AA00000100000000000000A0 /* IremiaWatch.app */;
			productType = "com.apple.product-type.application";
		};
		B9DA97B02DC1472C00A4DA20 /* iosApp */ = {
			isa = PBXNativeTarget;
			buildConfigurationList = B9DA97BF2DC1472D00A4DA20 /* Build configuration list for PBXNativeTarget "iosApp" */;
			buildPhases = (
				B9DA97F42DC1497100A4DA20 /* Compile Kotlin Framework */,
				AA00000200000000000000F1 /* Generate Secrets */,
				B9DA97AD2DC1472C00A4DA20 /* Sources */,
				B9DA97AE2DC1472C00A4DA20 /* Frameworks */,
				B9DA97AF2DC1472C00A4DA20 /* Resources */,
				299B2FA72F8939510041BE9C /* Embed Frameworks */,
				AA00000100000000000000E1 /* Embed Watch Content */,
			);
			buildRules = (
			);
			dependencies = (
				AA00000100000000000000E4 /* PBXTargetDependency */,
			);
			fileSystemSynchronizedGroups = (
				B9DA97B32DC1472C00A4DA20 /* iosApp */,
			);
			name = iosApp;
			productName = iosApp;
			productReference = 4C7053E52F47B8F600A8280D /* IreamiaApp.app */;
			productType = "com.apple.product-type.application";
		};
/* End PBXNativeTarget section */

/* Begin PBXProject section */
		B9DA97A92DC1472C00A4DA20 /* Project object */ = {
			isa = PBXProject;
			attributes = {
				BuildIndependentTargetsInParallel = 1;
				LastSwiftUpdateCheck = 1620;
				LastUpgradeCheck = 2610;
				TargetAttributes = {
					AA00000100000000000000E = {
						CreatedOnToolsVersion = 16.2;
					};
					B9DA97B02DC1472C00A4DA20 = {
						CreatedOnToolsVersion = 16.2;
					};
				};
			};
			buildConfigurationList = B9DA97AC2DC1472C00A4DA20 /* Build configuration list for PBXProject "iosApp" */;
			developmentRegion = de;
			hasScannedForEncodings = 0;
			knownRegions = (
				en,
				Base,
				de,
			);
			mainGroup = B9DA97A82DC1472C00A4DA20;
			minimizedProjectReferenceProxies = 1;
			preferredProjectObjectVersion = 77;
			productRefGroup = B9DA97B22DC1472C00A4DA20 /* Products */;
			projectDirPath = "";
			projectRoot = "";
			targets = (
				B9DA97B02DC1472C00A4DA20 /* iosApp */,
				AA00000100000000000000E /* IremiaWatch */,
			);
		};
/* End PBXProject section */

/* Begin PBXResourcesBuildPhase section */
		AA000001000000000000000C /* Resources */ = {
			isa = PBXResourcesBuildPhase;
			buildActionMask = 2147483647;
			files = (
				AA00000100000000000000D4 /* Assets.xcassets in Resources */,
				AA0000010000000000000F13 /* iremia_rag.json in Resources */,
			);
			runOnlyForDeploymentPostprocessing = 0;
		};
		B9DA97AF2DC1472C00A4DA20 /* Resources */ = {
			isa = PBXResourcesBuildPhase;
			buildActionMask = 2147483647;
			files = (
			);
			runOnlyForDeploymentPostprocessing = 0;
		};
/* End PBXResourcesBuildPhase section */

/* Begin PBXShellScriptBuildPhase section */
		AA00000200000000000000F1 /* Generate Secrets */ = {
			isa = PBXShellScriptBuildPhase;
			alwaysOutOfDate = 1;
			buildActionMask = 2147483647;
			files = (
			);
			inputFileListPaths = (
			);
			inputPaths = (
			);
			name = "Generate Secrets";
			outputFileListPaths = (
			);
			outputPaths = (
			);
			runOnlyForDeploymentPostprocessing = 0;
			shellPath = /bin/bash;
			shellScript = "\"${SRCROOT}/scripts/generate-secrets.sh\"\n";
		};
		AA0000010000000000000F20 /* Generate Secrets (Watch) */ = {
			isa = PBXShellScriptBuildPhase;
			alwaysOutOfDate = 1;
			buildActionMask = 2147483647;
			files = (
			);
			inputFileListPaths = (
			);
			inputPaths = (
			);
			name = "Generate Secrets (Watch)";
			outputFileListPaths = (
			);
			outputPaths = (
			);
			runOnlyForDeploymentPostprocessing = 0;
			shellPath = /bin/bash;
			shellScript = "\"${SRCROOT}/scripts/generate-secrets.sh\"\n";
		};
		B9DA97F42DC1497100A4DA20 /* Compile Kotlin Framework */ = {
			isa = PBXShellScriptBuildPhase;
			alwaysOutOfDate = 1;
			buildActionMask = 2147483647;
			files = (
			);
			inputFileListPaths = (
			);
			inputPaths = (
			);
			name = "Compile Kotlin Framework";
			outputFileListPaths = (
			);
			outputPaths = (
			);
			runOnlyForDeploymentPostprocessing = 0;
			shellPath = /bin/sh;
			shellScript = "if [ \"YES\" = \"$OVERRIDE_KOTLIN_BUILD_IDE_SUPPORTED\" ]; then\n  echo \"Skipping Gradle build task invocation due to OVERRIDE_KOTLIN_BUILD_IDE_SUPPORTED environment variable set to \\\"YES\\\"\"\n  exit 0\nfi\nif [ -z \"$JAVA_HOME\" ] || [ ! -x \"$JAVA_HOME/bin/java\" ]; then\n  for c in \"/opt/homebrew/opt/openjdk@21/libexec/openjdk.jdk/Contents/Home\" \"/usr/local/opt/openjdk@21/libexec/openjdk.jdk/Contents/Home\" \"/Applications/Android Studio.app/Contents/jbr/Contents/Home\"; do\n    [ -x \"$c/bin/java\" ] && export JAVA_HOME=\"$c\" && break\n  done\nfi\n[ -z \"$JAVA_HOME\" ] && export JAVA_HOME=$(/usr/libexec/java_home -v 21 2>/dev/null)\necho \"Using JAVA_HOME=$JAVA_HOME\"\ncd \"$SRCROOT/..\"\n./gradlew :shared:embedAndSignAppleFrameworkForXcode\n";
		};
/* End PBXShellScriptBuildPhase section */

/* Begin PBXSourcesBuildPhase section */
		AA000001000000000000000B /* Sources */ = {
			isa = PBXSourcesBuildPhase;
			buildActionMask = 2147483647;
			files = (
				AA00000100000000000000D1 /* IremiaWatchApp.swift in Sources */,
				AA00000100000000000000D2 /* ContentView.swift in Sources */,
				AA00000100000000000000D3 /* WatchConnectivityManager.swift in Sources */,
				373D27222FCCCA070006C161 /* JourneyStore.swift in Sources */,
				373D27312FCCCA070006C161 /* DailyMessageStore.swift in Sources */,
				AA00000100000000000000D5 /* IremiaColors.swift in Sources */,
				373D27262FCCCFE70006C161 /* BreathingWatchView.swift in Sources */,
				AA00000100000000000000D6 /* ContactsListView.swift in Sources */,
				AA00000100000000000000D7 /* EmergencyVoiceView.swift in Sources */,
				373D27242FCCCA230006C161 /* JourneyView.swift in Sources */,
				379332A12FC073F100D72D1C /* MoodCheckView.swift in Sources */,
				379332B12FC073F100D72D1C /* MoodMicView.swift in Sources */,
				AA00000100000000000000D8 /* EmergencyWatchViewModel.swift in Sources */,
				AA0000010000000000000F12 /* WatchClaudeAssistant.swift in Sources */,
				AA00000100000000000000E7 /* LearnView.swift in Sources */,
				AA00000100000000000000E9 /* LearnContent.swift in Sources */,
			);
			runOnlyForDeploymentPostprocessing = 0;
		};
		B9DA97AD2DC1472C00A4DA20 /* Sources */ = {
			isa = PBXSourcesBuildPhase;
			buildActionMask = 2147483647;
			files = (
			);
			runOnlyForDeploymentPostprocessing = 0;
		};
/* End PBXSourcesBuildPhase section */

/* Begin PBXTargetDependency section */
		AA00000100000000000000E4 /* PBXTargetDependency */ = {
			isa = PBXTargetDependency;
			target = AA00000100000000000000E /* IremiaWatch */;
			targetProxy = AA00000100000000000000E5 /* PBXContainerItemProxy */;
		};
/* End PBXTargetDependency section */

/* Begin XCBuildConfiguration section */
		AA00000100000000000000A1 /* Debug */ = {
			isa = XCBuildConfiguration;
			baseConfigurationReference = AA0000010000000000000CF1 /* Configuration/Config.xcconfig */;
			buildSettings = {
				ASSETCATALOG_COMPILER_APPICON_NAME = AppIcon;
				CODE_SIGN_IDENTITY = "Apple Development";
				CODE_SIGN_STYLE = Automatic;
				DEVELOPMENT_TEAM = "$(DEV_TEAM_ID)";
				GENERATE_INFOPLIST_FILE = YES;
				INFOPLIST_KEY_CFBundleDisplayName = Iremia;
				INFOPLIST_KEY_NSMicrophoneUsageDescription = "Iremia uses the microphone to hear your voice during mood check-ins and voice input.";
				INFOPLIST_KEY_UISupportedInterfaceOrientations = UIInterfaceOrientationPortrait;
				INFOPLIST_KEY_WKApplication = YES;
				INFOPLIST_KEY_WKCompanionAppBundleIdentifier = "$(APP_BUNDLE_ID)";
				LD_RUNPATH_SEARCH_PATHS = (
					"$(inherited)",
					"@executable_path/Frameworks",
				);
				PRODUCT_BUNDLE_IDENTIFIER = "$(APP_BUNDLE_ID).watchkitapp";
				PRODUCT_NAME = IremiaWatch;
				SDKROOT = watchos;
				SWIFT_EMIT_LOC_STRINGS = YES;
				SWIFT_VERSION = 5.0;
				TARGETED_DEVICE_FAMILY = 4;
				WATCHOS_DEPLOYMENT_TARGET = 10.0;
			};
			name = Debug;
		};
		AA00000100000000000000A2 /* Release */ = {
			isa = XCBuildConfiguration;
			baseConfigurationReference = AA0000010000000000000CF1 /* Configuration/Config.xcconfig */;
			buildSettings = {
				ASSETCATALOG_COMPILER_APPICON_NAME = AppIcon;
				CODE_SIGN_IDENTITY = "Apple Development";
				CODE_SIGN_STYLE = Automatic;
				DEVELOPMENT_TEAM = "$(DEV_TEAM_ID)";
				GENERATE_INFOPLIST_FILE = YES;
				INFOPLIST_KEY_CFBundleDisplayName = Iremia;
				INFOPLIST_KEY_NSMicrophoneUsageDescription = "Iremia uses the microphone to hear your voice during mood check-ins and voice input.";
				INFOPLIST_KEY_UISupportedInterfaceOrientations = UIInterfaceOrientationPortrait;
				INFOPLIST_KEY_WKApplication = YES;
				INFOPLIST_KEY_WKCompanionAppBundleIdentifier = "$(APP_BUNDLE_ID)";
				LD_RUNPATH_SEARCH_PATHS = (
					"$(inherited)",
					"@executable_path/Frameworks",
				);
				PRODUCT_BUNDLE_IDENTIFIER = "$(APP_BUNDLE_ID).watchkitapp";
				PRODUCT_NAME = IremiaWatch;
				SDKROOT = watchos;
				SWIFT_EMIT_LOC_STRINGS = YES;
				SWIFT_VERSION = 5.0;
				TARGETED_DEVICE_FAMILY = 4;
				WATCHOS_DEPLOYMENT_TARGET = 10.0;
			};
			name = Release;
		};
		B9DA97BD2DC1472D00A4DA20 /* Debug */ = {
			isa = XCBuildConfiguration;
			buildSettings = {
				ALWAYS_SEARCH_USER_PATHS = NO;
				ASSETCATALOG_COMPILER_GENERATE_SWIFT_ASSET_SYMBOL_EXTENSIONS = YES;
				CLANG_ANALYZER_NONNULL = YES;
				CLANG_ANALYZER_NUMBER_OBJECT_CONVERSION = YES_AGGRESSIVE;
				CLANG_CXX_LANGUAGE_STANDARD = "gnu++20";
				CLANG_ENABLE_MODULES = YES;
				CLANG_ENABLE_OBJC_ARC = YES;
				CLANG_ENABLE_OBJC_WEAK = YES;
				CLANG_WARN_BLOCK_CAPTURE_AUTORELEASING = YES;
				CLANG_WARN_BOOL_CONVERSION = YES;
				CLANG_WARN_COMMA = YES;
				CLANG_WARN_CONSTANT_CONVERSION = YES;
				CLANG_WARN_DEPRECATED_OBJC_IMPLEMENTATIONS = YES;
				CLANG_WARN_DIRECT_OBJC_ISA_USAGE = YES_ERROR;
				CLANG_WARN_DOCUMENTATION_COMMENTS = YES;
				CLANG_WARN_EMPTY_BODY = YES;
				CLANG_WARN_ENUM_CONVERSION = YES;
				CLANG_WARN_INFINITE_RECURSION = YES;
				CLANG_WARN_INT_CONVERSION = YES;
				CLANG_WARN_NON_LITERAL_NULL_CONVERSION = YES;
				CLANG_WARN_OBJC_IMPLICIT_RETAIN_SELF = YES;
				CLANG_WARN_OBJC_LITERAL_CONVERSION = YES;
				CLANG_WARN_OBJC_ROOT_CLASS = YES_ERROR;
				CLANG_WARN_QUOTED_INCLUDE_IN_FRAMEWORK_HEADER = YES;
				CLANG_WARN_RANGE_LOOP_ANALYSIS = YES;
				CLANG_WARN_STRICT_PROTOTYPES = YES;
				CLANG_WARN_SUSPICIOUS_MOVE = YES;
				CLANG_WARN_UNGUARDED_AVAILABILITY = YES_AGGRESSIVE;
				CLANG_WARN_UNREACHABLE_CODE = YES;
				CLANG_WARN__DUPLICATE_METHOD_MATCH = YES;
				COPY_PHASE_STRIP = NO;
				DEBUG_INFORMATION_FORMAT = dwarf;
				ENABLE_STRICT_OBJC_MSGSEND = YES;
				ENABLE_TESTABILITY = YES;
				ENABLE_USER_SCRIPT_SANDBOXING = NO;
				"EXCLUDED_ARCHS[sdk=iphonesimulator*]" = x86_64;
				GCC_C_LANGUAGE_STANDARD = gnu17;
				GCC_DYNAMIC_NO_PIC = NO;
				GCC_NO_COMMON_BLOCKS = YES;
				GCC_OPTIMIZATION_LEVEL = 0;
				GCC_PREPROCESSOR_DEFINITIONS = (
					"DEBUG=1",
					"$(inherited)",
				);
				GCC_WARN_64_TO_32_BIT_CONVERSION = YES;
				GCC_WARN_ABOUT_RETURN_TYPE = YES_ERROR;
				GCC_WARN_UNDECLARED_SELECTOR = YES;
				GCC_WARN_UNINITIALIZED_AUTOS = YES_AGGRESSIVE;
				GCC_WARN_UNUSED_FUNCTION = YES;
				GCC_WARN_UNUSED_VARIABLE = YES;
				IPHONEOS_DEPLOYMENT_TARGET = 18.2;
				LOCALIZATION_PREFERS_STRING_CATALOGS = YES;
				MTL_ENABLE_DEBUG_INFO = INCLUDE_SOURCE;
				MTL_FAST_MATH = YES;
				ONLY_ACTIVE_ARCH = YES;
				SDKROOT = iphoneos;
				STRING_CATALOG_GENERATE_SYMBOLS = YES;
				SWIFT_ACTIVE_COMPILATION_CONDITIONS = "DEBUG $(inherited)";
				SWIFT_OPTIMIZATION_LEVEL = "-Onone";
			};
			name = Debug;
		};
		B9DA97BE2DC1472D00A4DA20 /* Release */ = {
			isa = XCBuildConfiguration;
			buildSettings = {
				ALWAYS_SEARCH_USER_PATHS = NO;
				ASSETCATALOG_COMPILER_GENERATE_SWIFT_ASSET_SYMBOL_EXTENSIONS = YES;
				CLANG_ANALYZER_NONNULL = YES;
				CLANG_ANALYZER_NUMBER_OBJECT_CONVERSION = YES_AGGRESSIVE;
				CLANG_CXX_LANGUAGE_STANDARD = "gnu++20";
				CLANG_ENABLE_MODULES = YES;
				CLANG_ENABLE_OBJC_ARC = YES;
				CLANG_ENABLE_OBJC_WEAK = YES;
				CLANG_WARN_BLOCK_CAPTURE_AUTORELEASING = YES;
				CLANG_WARN_BOOL_CONVERSION = YES;
				CLANG_WARN_COMMA = YES;
				CLANG_WARN_CONSTANT_CONVERSION = YES;
				CLANG_WARN_DEPRECATED_OBJC_IMPLEMENTATIONS = YES;
				CLANG_WARN_DIRECT_OBJC_ISA_USAGE = YES_ERROR;
				CLANG_WARN_DOCUMENTATION_COMMENTS = YES;
				CLANG_WARN_EMPTY_BODY = YES;
				CLANG_WARN_ENUM_CONVERSION = YES;
				CLANG_WARN_INFINITE_RECURSION = YES;
				CLANG_WARN_INT_CONVERSION = YES;
				CLANG_WARN_NON_LITERAL_NULL_CONVERSION = YES;
				CLANG_WARN_OBJC_IMPLICIT_RETAIN_SELF = YES;
				CLANG_WARN_OBJC_LITERAL_CONVERSION = YES;
				CLANG_WARN_OBJC_ROOT_CLASS = YES_ERROR;
				CLANG_WARN_QUOTED_INCLUDE_IN_FRAMEWORK_HEADER = YES;
				CLANG_WARN_RANGE_LOOP_ANALYSIS = YES;
				CLANG_WARN_STRICT_PROTOTYPES = YES;
				CLANG_WARN_SUSPICIOUS_MOVE = YES;
				CLANG_WARN_UNGUARDED_AVAILABILITY = YES_AGGRESSIVE;
				CLANG_WARN_UNREACHABLE_CODE = YES;
				CLANG_WARN__DUPLICATE_METHOD_MATCH = YES;
				COPY_PHASE_STRIP = NO;
				DEBUG_INFORMATION_FORMAT = "dwarf-with-dsym";
				ENABLE_NS_ASSERTIONS = NO;
				ENABLE_STRICT_OBJC_MSGSEND = YES;
				ENABLE_USER_SCRIPT_SANDBOXING = NO;
				"EXCLUDED_ARCHS[sdk=iphonesimulator*]" = x86_64;
				GCC_C_LANGUAGE_STANDARD = gnu17;
				GCC_NO_COMMON_BLOCKS = YES;
				GCC_WARN_64_TO_32_BIT_CONVERSION = YES;
				GCC_WARN_ABOUT_RETURN_TYPE = YES_ERROR;
				GCC_WARN_UNDECLARED_SELECTOR = YES;
				GCC_WARN_UNINITIALIZED_AUTOS = YES_AGGRESSIVE;
				GCC_WARN_UNUSED_FUNCTION = YES;
				GCC_WARN_UNUSED_VARIABLE = YES;
				IPHONEOS_DEPLOYMENT_TARGET = 18.2;
				LOCALIZATION_PREFERS_STRING_CATALOGS = YES;
				MTL_ENABLE_DEBUG_INFO = NO;
				MTL_FAST_MATH = YES;
				SDKROOT = iphoneos;
				STRING_CATALOG_GENERATE_SYMBOLS = YES;
				SWIFT_COMPILATION_MODE = wholemodule;
				VALIDATE_PRODUCT = YES;
			};
			name = Release;
		};
		B9DA97C02DC1472D00A4DA20 /* Debug */ = {
			isa = XCBuildConfiguration;
			baseConfigurationReference = AA0000010000000000000CF1 /* Configuration/Config.xcconfig */;
			buildSettings = {
				ASSETCATALOG_COMPILER_APPICON_NAME = AppIcon;
				ASSETCATALOG_COMPILER_GLOBAL_ACCENT_COLOR_NAME = AccentColor;
				CODE_SIGN_IDENTITY = "Apple Development";
				CODE_SIGN_STYLE = Automatic;
				DEVELOPMENT_ASSET_PATHS = "\"iosApp/Preview Content\"";
				DEVELOPMENT_TEAM = "$(DEV_TEAM_ID)";
				ENABLE_PREVIEWS = YES;
				FRAMEWORK_SEARCH_PATHS = (
					"$(inherited)",
					"$(SRCROOT)/../shared/build/xcode-frameworks/$(CONFIGURATION)/$(SDK_NAME)",
				);
				GENERATE_INFOPLIST_FILE = YES;
				INFOPLIST_FILE = iosApp/Info.plist;
				INFOPLIST_KEY_CFBundleDisplayName = "Iremia Lambda";
				INFOPLIST_KEY_UIApplicationSceneManifest_Generation = YES;
				INFOPLIST_KEY_UIApplicationSupportsIndirectInputEvents = YES;
				INFOPLIST_KEY_UILaunchScreen_Generation = YES;
				INFOPLIST_KEY_UISupportedInterfaceOrientations_iPad = "UIInterfaceOrientationPortrait UIInterfaceOrientationPortraitUpsideDown UIInterfaceOrientationLandscapeLeft UIInterfaceOrientationLandscapeRight";
				INFOPLIST_KEY_UISupportedInterfaceOrientations_iPhone = "UIInterfaceOrientationPortrait UIInterfaceOrientationLandscapeLeft UIInterfaceOrientationLandscapeRight";
				IPHONEOS_DEPLOYMENT_TARGET = 17.6;
				LD_RUNPATH_SEARCH_PATHS = (
					"$(inherited)",
					"@executable_path/Frameworks",
				);
				PRODUCT_BUNDLE_IDENTIFIER = org.iremia.app;
				PRODUCT_NAME = IreamiaApp;
				SWIFT_EMIT_LOC_STRINGS = YES;
				SWIFT_VERSION = 5.0;
				TARGETED_DEVICE_FAMILY = "1,2";
			};
			name = Debug;
		};
		B9DA97C12DC1472D00A4DA20 /* Release */ = {
			isa = XCBuildConfiguration;
			baseConfigurationReference = AA0000010000000000000CF1 /* Configuration/Config.xcconfig */;
			buildSettings = {
				ASSETCATALOG_COMPILER_APPICON_NAME = AppIcon;
				ASSETCATALOG_COMPILER_GLOBAL_ACCENT_COLOR_NAME = AccentColor;
				CODE_SIGN_IDENTITY = "Apple Development";
				CODE_SIGN_STYLE = Automatic;
				DEVELOPMENT_ASSET_PATHS = "\"iosApp/Preview Content\"";
				DEVELOPMENT_TEAM = "$(DEV_TEAM_ID)";
				ENABLE_PREVIEWS = YES;
				FRAMEWORK_SEARCH_PATHS = (
					"$(inherited)",
					"$(SRCROOT)/../shared/build/xcode-frameworks/$(CONFIGURATION)/$(SDK_NAME)",
				);
				GENERATE_INFOPLIST_FILE = YES;
				INFOPLIST_FILE = iosApp/Info.plist;
				INFOPLIST_KEY_CFBundleDisplayName = "Iremia Lambda";
				INFOPLIST_KEY_UIApplicationSceneManifest_Generation = YES;
				INFOPLIST_KEY_UIApplicationSupportsIndirectInputEvents = YES;
				INFOPLIST_KEY_UILaunchScreen_Generation = YES;
				INFOPLIST_KEY_UISupportedInterfaceOrientations_iPad = "UIInterfaceOrientationPortrait UIInterfaceOrientationPortraitUpsideDown UIInterfaceOrientationLandscapeLeft UIInterfaceOrientationLandscapeRight";
				INFOPLIST_KEY_UISupportedInterfaceOrientations_iPhone = "UIInterfaceOrientationPortrait UIInterfaceOrientationLandscapeLeft UIInterfaceOrientationLandscapeRight";
				IPHONEOS_DEPLOYMENT_TARGET = 17.6;
				LD_RUNPATH_SEARCH_PATHS = (
					"$(inherited)",
					"@executable_path/Frameworks",
				);
				PRODUCT_BUNDLE_IDENTIFIER = org.iremia.app;
				PRODUCT_NAME = IreamiaApp;
				SWIFT_EMIT_LOC_STRINGS = YES;
				SWIFT_VERSION = 5.0;
				TARGETED_DEVICE_FAMILY = "1,2";
			};
			name = Release;
		};
/* End XCBuildConfiguration section */

/* Begin XCConfigurationList section */
		AA00000100000000000000F /* Build configuration list for PBXNativeTarget "IremiaWatch" */ = {
			isa = XCConfigurationList;
			buildConfigurations = (
				AA00000100000000000000A1 /* Debug */,
				AA00000100000000000000A2 /* Release */,
			);
			defaultConfigurationIsVisible = 0;
			defaultConfigurationName = Release;
		};
		B9DA97AC2DC1472C00A4DA20 /* Build configuration list for PBXProject "iosApp" */ = {
			isa = XCConfigurationList;
			buildConfigurations = (
				B9DA97BD2DC1472D00A4DA20 /* Debug */,
				B9DA97BE2DC1472D00A4DA20 /* Release */,
			);
			defaultConfigurationIsVisible = 0;
			defaultConfigurationName = Release;
		};
		B9DA97BF2DC1472D00A4DA20 /* Build configuration list for PBXNativeTarget "iosApp" */ = {
			isa = XCConfigurationList;
			buildConfigurations = (
				B9DA97C02DC1472D00A4DA20 /* Debug */,
				B9DA97C12DC1472D00A4DA20 /* Release */,
			);
			defaultConfigurationIsVisible = 0;
			defaultConfigurationName = Release;
		};
/* End XCConfigurationList section */
	};
	rootObject = B9DA97A92DC1472C00A4DA20 /* Project object */;
}
